
Microsoft Visual Studio Solution File, Format Version 12.00
# Visual Studio 15
VisualStudioVersion = 15.0.27130.2027
MinimumVisualStudioVersion = 10.0.40219.1
Project("{FAE04EC0-301F-11D3-BF4B-00C04F79EFBC}") = "ITUScheduleManager", "ITUScheduleManager\ITUScheduleManager.csproj", "{59DE79B9-D548-40E0-B112-D18C44A27E63}"
EndProject
Global
	GlobalSection(SolutionConfigurationPlatforms) = preSolution
		Debug|Any CPU = Debug|Any CPU
		Release|Any CPU = Release|Any CPU
	EndGlobalSection
	GlobalSection(ProjectConfigurationPlatforms) = postSolution
		{59DE79B9-D548-40E0-B112-D18C44A27E63}.Debug|Any CPU.ActiveCfg = Debug|Any CPU
		{59DE79B9-D548-40E0-B112-D18C44A27E63}.Debug|Any CPU.Build.0 = Debug|Any CPU
		{59DE79B9-D548-40E0-B112-D18C44A27E63}.Release|Any CPU.ActiveCfg = Release|Any CPU
		{59DE79B9-D548-40E0-B112-D18C44A27E63}.Release|Any CPU.Build.0 = Release|Any CPU
	EndGlobalSection
	GlobalSection(SolutionProperties) = preSolution
		HideSolutionNode = FALSE
	EndGlobalSection
	GlobalSection(ExtensibilityGlobals) = postSolution
		SolutionGuid = {B7D729B8-09FB-466D-A05B-02D0763EEEF5}
	EndGlobalSection
EndGlobal
